PODS:
  - XLPagerTabStrip (9.0.0)

DEPENDENCIES:
  - XLPagerTabStrip

SPEC REPOS:
  https://github.com/CocoaPods/Specs.git:
    - XLPagerTabStrip

SPEC CHECKSUMS:
  XLPagerTabStrip: 61c57fd61f611ee5f01ff1495ad6fbee8bf496c5

PODFILE CHECKSUM: 57fec3ec5a8652ad3a532cbd84920a9f83bca6b7

COCOAPODS: 1.11.3
